
Microsoft Visual Studio Solution File, Format Version 12.00
# Visual Studio Version 16
VisualStudioVersion = 16.0.29411.108
MinimumVisualStudioVersion = 10.0.40219.1
Project("{9A19103F-16F7-4668-BE54-9A1E7A4F7556}") = "Dev.IO.App", "src\Dev.IO.App\Dev.IO.App.csproj", "{32371597-B71D-46A8-89EF-E6725A358D01}"
EndProject
Project("{FAE04EC0-301F-11D3-BF4B-00C04F79EFBC}") = "DevIO.Business", "src\DevIO.Business\DevIO.Business.csproj", "{F0023481-45BE-4A6D-9DB1-634463F15371}"
EndProject
Project("{FAE04EC0-301F-11D3-BF4B-00C04F79EFBC}") = "DevIO.Data", "src\DevIO.Data\DevIO.Data.csproj", "{EB0A3C37-2C2B-4175-B650-B184471A0250}"
EndProject
Global
	GlobalSection(SolutionConfigurationPlatforms) = preSolution
		Debug|Any CPU = Debug|Any CPU
		Release|Any CPU = Release|Any CPU
	EndGlobalSection
	GlobalSection(ProjectConfigurationPlatforms) = postSolution
		{32371597-B71D-46A8-89EF-E6725A358D01}.Debug|Any CPU.ActiveCfg = Debug|Any CPU
		{32371597-B71D-46A8-89EF-E6725A358D01}.Debug|Any CPU.Build.0 = Debug|Any CPU
		{32371597-B71D-46A8-89EF-E6725A358D01}.Release|Any CPU.ActiveCfg = Release|Any CPU
		{32371597-B71D-46A8-89EF-E6725A358D01}.Release|Any CPU.Build.0 = Release|Any CPU
		{F0023481-45BE-4A6D-9DB1-634463F15371}.Debug|Any CPU.ActiveCfg = Debug|Any CPU
		{F0023481-45BE-4A6D-9DB1-634463F15371}.Debug|Any CPU.Build.0 = Debug|Any CPU
		{F0023481-45BE-4A6D-9DB1-634463F15371}.Release|Any CPU.ActiveCfg = Release|Any CPU
		{F0023481-45BE-4A6D-9DB1-634463F15371}.Release|Any CPU.Build.0 = Release|Any CPU
		{EB0A3C37-2C2B-4175-B650-B184471A0250}.Debug|Any CPU.ActiveCfg = Debug|Any CPU
		{EB0A3C37-2C2B-4175-B650-B184471A0250}.Debug|Any CPU.Build.0 = Debug|Any CPU
		{EB0A3C37-2C2B-4175-B650-B184471A0250}.Release|Any CPU.ActiveCfg = Release|Any CPU
		{EB0A3C37-2C2B-4175-B650-B184471A0250}.Release|Any CPU.Build.0 = Release|Any CPU
	EndGlobalSection
	GlobalSection(SolutionProperties) = preSolution
		HideSolutionNode = FALSE
	EndGlobalSection
	GlobalSection(ExtensibilityGlobals) = postSolution
		SolutionGuid = {BCAD8FCA-8160-44E9-9119-2639320C83BD}
	EndGlobalSection
EndGlobal
